PODS:
  - FlutterMacOS (1.0.0)
  - ldk_node (0.4.2):
    - FlutterMacOS
  - path_provider_foundation (0.0.1):
    - Flutter
    - FlutterMacOS

DEPENDENCIES:
  - FlutterMacOS (from `Flutter/ephemeral`)
  - ldk_node (from `Flutter/ephemeral/.symlinks/plugins/ldk_node/macos`)
  - path_provider_foundation (from `Flutter/ephemeral/.symlinks/plugins/path_provider_foundation/darwin`)

EXTERNAL SOURCES:
  FlutterMacOS:
    :path: Flutter/ephemeral
  ldk_node:
    :path: Flutter/ephemeral/.symlinks/plugins/ldk_node/macos
  path_provider_foundation:
    :path: Flutter/ephemeral/.symlinks/plugins/path_provider_foundation/darwin

SPEC CHECKSUMS:
  FlutterMacOS: 8f6f14fa908a6fb3fba0cd85dbd81ec4b251fb24
  ldk_node: 5a403de99ac15768c18094edf01bcfdfcd83b766
  path_provider_foundation: 2b6b4c569c0fb62ec74538f866245ac84301af46

PODFILE CHECKSUM: 6acf97521436d16fc31cd5e1a02000905acdb3ae

COCOAPODS: 1.15.2
